// !$*UTF8*$!
{
	archiveVersion = 1;
	classes = {
	};
	objectVersion = 46;
	objects = {

/* Begin PBXBuildFile section */
		736502A71C5A27F0006436EC /* AppDelegate.swift in Sources */ = {isa = PBXBuildFile; fileRef = 736502A61C5A27F0006436EC /* AppDelegate.swift */; };
		736502A91C5A27F0006436EC /* ViewController.swift in Sources */ = {isa = PBXBuildFile; fileRef = 736502A81C5A27F0006436EC /* ViewController.swift */; };
		736502AC1C5A27F0006436EC /* Main.storyboard in Resources */ = {isa = PBXBuildFile; fileRef = 736502AA1C5A27F0006436EC /* Main.storyboard */; };
		736502AE1C5A27F0006436EC /* Assets.xcassets in Resources */ = {isa = PBXBuildFile; fileRef = 736502AD1C5A27F0006436EC /* Assets.xcassets */; };
		736502B11C5A27F0006436EC /* LaunchScreen.storyboard in Resources */ = {isa = PBXBuildFile; fileRef = 736502AF1C5A27F0006436EC /* LaunchScreen.storyboard */; };
		7396C2291C5AC5630047E64F /* CalculatorBrain.swift in Sources */ = {isa = PBXBuildFile; fileRef = 7396C2281C5AC5630047E64F /* CalculatorBrain.swift */; };
/* End PBXBuildFile section */

/* Begin PBXFileReference section */
		736502A31C5A27F0006436EC /* Calculator.app */ = {isa = PBXFileReference; explicitFileType = wrapper.application; includeInIndex = 0; path = Calculator.app; sourceTree = BUILT_PRODUCTS_DIR; };
		736502A61C5A27F0006436EC /* AppDelegate.swift */ = {isa = PBXFileReference; lastKnownFileType = sourcecode.swift; path = AppDelegate.swift; sourceTree = "<group>"; };
		736502A81C5A27F0006436EC /* ViewController.swift */ = {isa = PBXFileReference; lastKnownFileType = sourcecode.swift; path = ViewController.swift; sourceTree = "<group>"; };
		736502AB1C5A27F0006436EC /* Base */ = {isa = PBXFileReference; lastKnownFileType = file.storyboard; name = Base; path = Base.lproj/Main.storyboard; sourceTree = "<group>"; };
		736502AD1C5A27F0006436EC /* Assets.xcassets */ = {isa = PBXFileReference; lastKnownFileType = folder.assetcatalog; path = Assets.xcassets; sourceTree = "<group>"; };
		736502B01C5A27F0006436EC /* Base */ = {isa = PBXFileReference; lastKnownFileType = file.storyboard; name = Base; path = Base.lproj/LaunchScreen.storyboard; sourceTree = "<group>"; };
		736502B21C5A27F0006436EC /* Info.plist */ = {isa = PBXFileReference; lastKnownFileType = text.plist.xml; path = Info.plist; sourceTree = "<group>"; };
		7396C2281C5AC5630047E64F /* CalculatorBrain.swift */ = {isa = PBXFileReference; fileEncoding = 4; lastKnownFileType = sourcecode.swift; path = CalculatorBrain.swift; sourceTree = "<group>"; };
/* End PBXFileReference section */

/* Begin PBXFrameworksBuildPhase section */
		736502A01C5A27EF006436EC /* Frameworks */ = {
			isa = PBXFrameworksBuildPhase;
			buildActionMask = 2147483647;
			files = (
			);
			runOnlyForDeploymentPostprocessing = 0;
		};
/* End PBXFrameworksBuildPhase section */

/* Begin PBXGroup section */
		7365029A1C5A27EF006436EC = {
			isa = PBXGroup;
			children = (
				736502A51C5A27F0006436EC /* Calculator */,
				736502A41C5A27F0006436EC /* Products */,
			);
			sourceTree = "<group>";
		};
		736502A41C5A27F0006436EC /* Products */ = {
			isa = PBXGroup;
			children = (
				736502A31C5A27F0006436EC /* Calculator.app */,
			);
			name = Products;
			sourceTree = "<group>";
		};
		736502A51C5A27F0006436EC /* Calculator */ = {
			isa = PBXGroup;
			children = (
				7396C2281C5AC5630047E64F /* CalculatorBrain.swift */,
				736502A81C5A27F0006436EC /* ViewController.swift */,
				736502AA1C5A27F0006436EC /* Main.storyboard */,
				736502B81C5A2871006436EC /* Supporting Files */,
			);
			path = Calculator;
			sourceTree = "<group>";
		};
		736502B81C5A2871006436EC /* Supporting Files */ = {
			isa = PBXGroup;
			children = (
				736502A61C5A27F0006436EC /* AppDelegate.swift */,
				736502AD1C5A27F0006436EC /* Assets.xcassets */,
				736502AF1C5A27F0006436EC /* LaunchScreen.storyboard */,
				736502B21C5A27F0006436EC /* Info.plist */,
			);
			name = "Supporting Files";
			sourceTree = "<group>";
		};
/* End PBXGroup section */

/* Begin PBXNativeTarget section */
		736502A21C5A27EF006436EC /* Calculator */ = {
			isa = PBXNativeTarget;
			buildConfigurationList = 736502B51C5A27F0006436EC /* Build configuration list for PBXNativeTarget "Calculator" */;
			buildPhases = (
				7365029F1C5A27EF006436EC /* Sources */,
				736502A01C5A27EF006436EC /* Frameworks */,
				736502A11C5A27EF006436EC /* Resources */,
			);
			buildRules = (
			);
			dependencies = (
			);
			name = Calculator;
			productName = Calculator;
			productReference = 736502A31C5A27F0006436EC /* Calculator.app */;
			productType = "com.apple.product-type.application";
		};
/* End PBXNativeTarget section */

/* Begin PBXProject section */
		7365029B1C5A27EF006436EC /* Project object */ = {
			isa = PBXProject;
			attributes = {
				LastSwiftUpdateCheck = 0720;
				LastUpgradeCheck = 0720;
				ORGANIZATIONNAME = "Stasiek Abyszkin";
				TargetAttributes = {
					736502A21C5A27EF006436EC = {
						CreatedOnToolsVersion = 7.2;
					};
				};
			};
			buildConfigurationList = 7365029E1C5A27EF006436EC /* Build configuration list for PBXProject "Calculator" */;
			compatibilityVersion = "Xcode 3.2";
			developmentRegion = English;
			hasScannedForEncodings = 0;
			knownRegions = (
				en,
				Base,
			);
			mainGroup = 7365029A1C5A27EF006436EC;
			productRefGroup = 736502A41C5A27F0006436EC /* Products */;
			projectDirPath = "";
			projectRoot = "";
			targets = (
				736502A21C5A27EF006436EC /* Calculator */,
			);
		};
/* End PBXProject section */

/* Begin PBXResourcesBuildPhase section */
		736502A11C5A27EF006436EC /* Resources */ = {
			isa = PBXResourcesBuildPhase;
			buildActionMask = 2147483647;
			files = (
				736502B11C5A27F0006436EC /* LaunchScreen.storyboard in Resources */,
				736502AE1C5A27F0006436EC /* Assets.xcassets in Resources */,
				736502AC1C5A27F0006436EC /* Main.storyboard in Resources */,
			);
			runOnlyForDeploymentPostprocessing = 0;
		};
/* End PBXResourcesBuildPhase section */

/* Begin PBXSourcesBuildPhase section */
		7365029F1C5A27EF006436EC /* Sources */ = {
			isa = PBXSourcesBuildPhase;
			buildActionMask = 2147483647;
			files = (
				7396C2291C5AC5630047E64F /* CalculatorBrain.swift in Sources */,
				736502A91C5A27F0006436EC /* ViewController.swift in Sources */,
				736502A71C5A27F0006436EC /* AppDelegate.swift in Sources */,
			);
			runOnlyForDeploymentPostprocessing = 0;
		};
/* End PBXSourcesBuildPhase section */

/* Begin PBXVariantGroup section */
		736502AA1C5A27F0006436EC /* Main.storyboard */ = {
			isa = PBXVariantGroup;
			children = (
				736502AB1C5A27F0006436EC /* Base */,
			);
			name = Main.storyboard;
			sourceTree = "<group>";
		};
		736502AF1C5A27F0006436EC /* LaunchScreen.storyboard */ = {
			isa = PBXVariantGroup;
			children = (
				736502B01C5A27F0006436EC /* Base */,
			);
			name = LaunchScreen.storyboard;
			sourceTree = "<group>";
		};
/* End PBXVariantGroup section */

/* Begin XCBuildConfiguration section */
		736502B31C5A27F0006436EC /* Debug */ = {
			isa = XCBuildConfiguration;
			buildSettings = {
				ALWAYS_SEARCH_USER_PATHS = NO;
				CLANG_CXX_LANGUAGE_STANDARD = "gnu++0x";
				CLANG_CXX_LIBRARY = "libc++";
				CLANG_ENABLE_MODULES = YES;
				CLANG_ENABLE_OBJC_ARC = YES;
				CLANG_WARN_BOOL_CONVERSION = YES;
				CLANG_WARN_CONSTANT_CONVERSION = YES;
				CLANG_WARN_DIRECT_OBJC_ISA_USAGE = YES_ERROR;
				CLANG_WARN_EMPTY_BODY = YES;
				CLANG_WARN_ENUM_CONVERSION = YES;
				CLANG_WARN_INT_CONVERSION = YES;
				CLANG_WARN_OBJC_ROOT_CLASS = YES_ERROR;
				CLANG_WARN_UNREACHABLE_CODE = YES;
				CLANG_WARN__DUPLICATE_METHOD_MATCH = YES;
				"CODE_SIGN_IDENTITY[sdk=iphoneos*]" = "iPhone Developer";
				COPY_PHASE_STRIP = NO;
				DEBUG_INFORMATION_FORMAT = dwarf;
				ENABLE_STRICT_OBJC_MSGSEND = YES;
				ENABLE_TESTABILITY = YES;
				GCC_C_LANGUAGE_STANDARD = gnu99;
				GCC_DYNAMIC_NO_PIC = NO;
				GCC_NO_COMMON_BLOCKS = YES;
				GCC_OPTIMIZATION_LEVEL = 0;
				GCC_PREPROCESSOR_DEFINITIONS = (
					"DEBUG=1",
					"$(inherited)",
				);
				GCC_WARN_64_TO_32_BIT_CONVERSION = YES;
				GCC_WARN_ABOUT_RETURN_TYPE = YES_ERROR;
				GCC_WARN_UNDECLARED_SELECTOR = YES;
				GCC_WARN_UNINITIALIZED_AUTOS = YES_AGGRESSIVE;
				GCC_WARN_UNUSED_FUNCTION = YES;
				GCC_WARN_UNUSED_VARIABLE = YES;
				IPHONEOS_DEPLOYMENT_TARGET = 9.2;
				MTL_ENABLE_DEBUG_INFO = YES;
				ONLY_ACTIVE_ARCH = YES;
				SDKROOT = iphoneos;
				SWIFT_OPTIMIZATION_LEVEL = "-Onone";
				TARGETED_DEVICE_FAMILY = "1,2";
			};
			name = Debug;
		};
		736502B41C5A27F0006436EC /* Release */ = {
			isa = XCBuildConfiguration;
			buildSettings = {
				ALWAYS_SEARCH_USER_PATHS = NO;
				CLANG_CXX_LANGUAGE_STANDARD = "gnu++0x";
				CLANG_CXX_LIBRARY = "libc++";
				CLANG_ENABLE_MODULES = YES;
				CLANG_ENABLE_OBJC_ARC = YES;
				CLANG_WARN_BOOL_CONVERSION = YES;
				CLANG_WARN_CONSTANT_CONVERSION = YES;
				CLANG_WARN_DIRECT_OBJC_ISA_USAGE = YES_ERROR;
				CLANG_WARN_EMPTY_BODY = YES;
				CLANG_WARN_ENUM_CONVERSION = YES;
				CLANG_WARN_INT_CONVERSION = YES;
				CLANG_WARN_OBJC_ROOT_CLASS = YES_ERROR;
				CLANG_WARN_UNREACHABLE_CODE = YES;
				CLANG_WARN__DUPLICATE_METHOD_MATCH = YES;
				"CODE_SIGN_IDENTITY[sdk=iphoneos*]" = "iPhone Developer";
				COPY_PHASE_STRIP = NO;
				DEBUG_INFORMATION_FORMAT = "dwarf-with-dsym";
				ENABLE_NS_ASSERTIONS = NO;
				ENABLE_STRICT_OBJC_MSGSEND = YES;
				GCC_C_LANGUAGE_STANDARD = gnu99;
				GCC_NO_COMMON_BLOCKS = YES;
				GCC_WARN_64_TO_32_BIT_CONVERSION = YES;
				GCC_WARN_ABOUT_RETURN_TYPE = YES_ERROR;
				GCC_WARN_UNDECLARED_SELECTOR = YES;
				GCC_WARN_UNINITIALIZED_AUTOS = YES_AGGRESSIVE;
				GCC_WARN_UNUSED_FUNCTION = YES;
				GCC_WARN_UNUSED_VARIABLE = YES;
				IPHONEOS_DEPLOYMENT_TARGET = 9.2;
				MTL_ENABLE_DEBUG_INFO = NO;
				SDKROOT = iphoneos;
				TARGETED_DEVICE_FAMILY = "1,2";
				VALIDATE_PRODUCT = YES;
			};
			name = Release;
		};
		736502B61C5A27F0006436EC /* Debug */ = {
			isa = XCBuildConfiguration;
			buildSettings = {
				ASSETCATALOG_COMPILER_APPICON_NAME = AppIcon;
				INFOPLIST_FILE = Calculator/Info.plist;
				LD_RUNPATH_SEARCH_PATHS = "$(inherited) @executable_path/Frameworks";
				PRODUCT_BUNDLE_IDENTIFIER = stan.Calculator;
				PRODUCT_NAME = "$(TARGET_NAME)";
			};
			name = Debug;
		};
		736502B71C5A27F0006436EC /* Release */ = {
			isa = XCBuildConfiguration;
			buildSettings = {
				ASSETCATALOG_COMPILER_APPICON_NAME = AppIcon;
				INFOPLIST_FILE = Calculator/Info.plist;
				LD_RUNPATH_SEARCH_PATHS = "$(inherited) @executable_path/Frameworks";
				PRODUCT_BUNDLE_IDENTIFIER = stan.Calculator;
				PRODUCT_NAME = "$(TARGET_NAME)";
			};
			name = Release;
		};
/* End XCBuildConfiguration section */

/* Begin XCConfigurationList section */
		7365029E1C5A27EF006436EC /* Build configuration list for PBXProject "Calculator" */ = {
			isa = XCConfigurationList;
			buildConfigurations = (
				736502B31C5A27F0006436EC /* Debug */,
				736502B41C5A27F0006436EC /* Release */,
			);
			defaultConfigurationIsVisible = 0;
			defaultConfigurationName = Release;
		};
		736502B51C5A27F0006436EC /* Build configuration list for PBXNativeTarget "Calculator" */ = {
			isa = XCConfigurationList;
			buildConfigurations = (
				736502B61C5A27F0006436EC /* Debug */,
				736502B71C5A27F0006436EC /* Release */,
			);
			defaultConfigurationIsVisible = 0;
			defaultConfigurationName = Release;
		};
/* End XCConfigurationList section */
	};
	rootObject = 7365029B1C5A27EF006436EC /* Project object */;
}
